
Microsoft Visual Studio Solution File, Format Version 12.00
# Visual Studio Version 16
VisualStudioVersion = 16.0.31702.278
MinimumVisualStudioVersion = 10.0.40219.1
Project("{FAE04EC0-301F-11D3-BF4B-00C04F79EFBC}") = "Olympics", "Olympics.csproj", "{F7411352-B530-4ED8-8F85-5C5EBB4499CB}"
EndProject
Global
	GlobalSection(SolutionConfigurationPlatforms) = preSolution
		Debug|Any CPU = Debug|Any CPU
		Release|Any CPU = Release|Any CPU
	EndGlobalSection
	GlobalSection(ProjectConfigurationPlatforms) = postSolution
		{F7411352-B530-4ED8-8F85-5C5EBB4499CB}.Debug|Any CPU.ActiveCfg = Debug|Any CPU
		{F7411352-B530-4ED8-8F85-5C5EBB4499CB}.Debug|Any CPU.Build.0 = Debug|Any CPU
		{F7411352-B530-4ED8-8F85-5C5EBB4499CB}.Release|Any CPU.ActiveCfg = Release|Any CPU
		{F7411352-B530-4ED8-8F85-5C5EBB4499CB}.Release|Any CPU.Build.0 = Release|Any CPU
	EndGlobalSection
	GlobalSection(SolutionProperties) = preSolution
		HideSolutionNode = FALSE
	EndGlobalSection
	GlobalSection(ExtensibilityGlobals) = postSolution
		SolutionGuid = {3D8B810E-5D40-46C8-BE95-2C09BD1868F5}
	EndGlobalSection
EndGlobal
